
Microsoft Visual Studio Solution File, Format Version 12.00
# Visual Studio Version 17
VisualStudioVersion = 17.13.35825.156 d17.13
MinimumVisualStudioVersion = 10.0.40219.1
Project("{FAE04EC0-301F-11D3-BF4B-00C04F79EFBC}") = "UITestAutomation", "UITestAutomation.csproj", "{14B9CA88-5B59-4769-8CB0-F39A050FE3BE}"
EndProject
Global
	GlobalSection(SolutionConfigurationPlatforms) = preSolution
		Debug|Any CPU = Debug|Any CPU
		Release|Any CPU = Release|Any CPU
	EndGlobalSection
	GlobalSection(ProjectConfigurationPlatforms) = postSolution
		{14B9CA88-5B59-4769-8CB0-F39A050FE3BE}.Debug|Any CPU.ActiveCfg = Debug|Any CPU
		{14B9CA88-5B59-4769-8CB0-F39A050FE3BE}.Debug|Any CPU.Build.0 = Debug|Any CPU
		{14B9CA88-5B59-4769-8CB0-F39A050FE3BE}.Release|Any CPU.ActiveCfg = Release|Any CPU
		{14B9CA88-5B59-4769-8CB0-F39A050FE3BE}.Release|Any CPU.Build.0 = Release|Any CPU
	EndGlobalSection
	GlobalSection(SolutionProperties) = preSolution
		HideSolutionNode = FALSE
	EndGlobalSection
	GlobalSection(ExtensibilityGlobals) = postSolution
		SolutionGuid = {E8EA7EAE-E88C-4D19-A82D-33BC048EE2CE}
	EndGlobalSection
EndGlobal
